<?xml version="1.0" encoding="utf-8"?>
<Project ToolsVersion="4.0" xmlns="http://schemas.microsoft.com/developer/msbuild/2003">
  <ItemGroup>
    <Filter Include="jni">
      <UniqueIdentifier>99b29731-bcab-416b-911d-7ba17b6f578c</UniqueIdentifier>
    </Filter>
    <Filter Include="res">
      <UniqueIdentifier>6b60780d-b317-4a4c-af5a-9cb4ad317c47</UniqueIdentifier>
    </Filter>
    <Filter Include="res\values">
      <UniqueIdentifier>d6603bd8-ea28-4d36-8239-78c0a5ea94a1</UniqueIdentifier>
    </Filter>
  </ItemGroup>
  <ItemGroup>
    <None Include="AndroidManifest.xml" />
    <None Include="build.xml" />
    <None Include="local.properties" />
    <None Include="proguard.cfg" />
    <None Include="project.properties" />
    <None Include="res\values\strings.xml">
      <Filter>res\values</Filter>
    </None>
  </ItemGroup>
  <ItemGroup>
    <ClCompile Include="native_app_glue\android_native_app_glue.c" />
    <ClCompile Include="jni\main.cpp">
      <Filter>jni</Filter>
    </ClCompile>
  </ItemGroup>
  <ItemGroup>
    <ClInclude Include="native_app_glue\android_native_app_glue.h" />
  </ItemGroup>
</Project>