<?xml version="1.0" encoding="utf-8"?>
<Project ToolsVersion="4.0" xmlns="http://schemas.microsoft.com/developer/msbuild/2003">
  <ItemGroup>
    <ClInclude Include="Include\SceneManager.h">
      <Filter>Header</Filter>
    </ClInclude>
    <ClInclude Include="Include\SmokeEngine.h">
      <Filter>Header</Filter>
    </ClInclude>
    <ClInclude Include="Include\Utility\S_Rectangle.h">
      <Filter>Header\Utility</Filter>
    </ClInclude>
    <ClInclude Include="Include\Utility\Source.h">
      <Filter>Header\Utility</Filter>
    </ClInclude>
    <ClInclude Include="Include\Utility\Texture.h">
      <Filter>Header\Utility</Filter>
    </ClInclude>
    <ClInclude Include="Include\Utility\Vector\Vector2.h">
      <Filter>Header\Utility\Vector</Filter>
    </ClInclude>
    <ClInclude Include="Include\Utility\Vector\Vector4.h">
      <Filter>Header\Utility\Vector</Filter>
    </ClInclude>
    <ClInclude Include="Include\Utility\Vector\Vector3.h">
      <Filter>Header\Utility\Vector</Filter>
    </ClInclude>
    <ClInclude Include="Include\Utility\Matrix\Matrix4x4.h">
      <Filter>Header\Utility\Matrix</Filter>
    </ClInclude>
    <ClInclude Include="Include\Utility\Matrix\MatrixStack.h">
      <Filter>Header\Utility\Matrix</Filter>
    </ClInclude>
    <ClInclude Include="Include\Node\Node.h">
      <Filter>Header\Node</Filter>
    </ClInclude>
    <ClInclude Include="Include\Node\ObjectNode.h">
      <Filter>Header\Node</Filter>
    </ClInclude>
    <ClInclude Include="Include\Storage\ShaderSourceStorage.h">
      <Filter>Header\Storage</Filter>
    </ClInclude>
    <ClInclude Include="Include\Storage\VertexBufferStorage.h">
      <Filter>Header\Storage</Filter>
    </ClInclude>
    <ClInclude Include="Include\Storage\TextureStorage.h">
      <Filter>Header\Storage</Filter>
    </ClInclude>
    <ClInclude Include="Include\Utility\Camera.h">
      <Filter>Header\Utility</Filter>
    </ClInclude>
    <ClInclude Include="Include\Utility\BoundedBox.h">
      <Filter>Header\Utility</Filter>
    </ClInclude>
    <ClInclude Include="Include\VertexObject\VertexArrayObject.h">
      <Filter>Header\VertexObject</Filter>
    </ClInclude>
    <ClInclude Include="Include\VertexObject\VertexBufferObjectWithSubData.h">
      <Filter>Header\VertexObject</Filter>
    </ClInclude>
    <ClInclude Include="Include\VertexObject\VertexObject.h">
      <Filter>Header\VertexObject</Filter>
    </ClInclude>
    <ClInclude Include="Include\Utility\Quaternion.h">
      <Filter>Header\Utility</Filter>
    </ClInclude>
    <ClInclude Include="Include\Render\RenderObject.h">
      <Filter>Header\Render</Filter>
    </ClInclude>
    <ClInclude Include="Include\Render\Renderer.h">
      <Filter>Header\Render</Filter>
    </ClInclude>
    <ClInclude Include="Include\Storage\ViewStorage.h">
      <Filter>Header\Storage</Filter>
    </ClInclude>
    <ClInclude Include="Include\Render\Sprite.h" />
    <ClInclude Include="Include\Utility\Shader.h">
      <Filter>Header\Utility</Filter>
    </ClInclude>
    <ClInclude Include="Include\Utility\LodePNG.h">
      <Filter>Header\Utility</Filter>
    </ClInclude>
    <ClInclude Include="Include\Utility\WaveFrontLoad.h" />
    <ClInclude Include="Include\S_Debug.h" />
    <ClInclude Include="Include\Render\Model.h" />
    <ClInclude Include="Include\Node\SceneNode.h">
      <Filter>Header\Node</Filter>
    </ClInclude>
    <ClInclude Include="Include\Node\AttachmentNode\AttachmentNode.h" />
    <ClInclude Include="Include\Node\AttachmentNode\LightAttachmentNode.h" />
    <ClInclude Include="Include\Node\SharedNodeInfo.h" />
    <ClInclude Include="Include\Audio\AudioManager.h" />
    <ClInclude Include="Include\Audio\AudioSource.h" />
    <ClInclude Include="Include\Audio\AudioPlayer.h" />
    <ClInclude Include="Include\Storage\AudioSourceStorage.h" />
  </ItemGroup>
  <ItemGroup>
    <ClCompile Include="Source\BoundedBox.cpp">
      <Filter>Source</Filter>
    </ClCompile>
    <ClCompile Include="Source\ViewStorage.cpp">
      <Filter>Source</Filter>
    </ClCompile>
    <ClCompile Include="Source\Camera.cpp">
      <Filter>Source</Filter>
    </ClCompile>
    <ClCompile Include="Source\Matrix4x4.cpp">
      <Filter>Source</Filter>
    </ClCompile>
    <ClCompile Include="Source\MatrixStack.cpp">
      <Filter>Source</Filter>
    </ClCompile>
    <ClCompile Include="Source\Node.cpp">
      <Filter>Source</Filter>
    </ClCompile>
    <ClCompile Include="Source\ObjectNode.cpp">
      <Filter>Source</Filter>
    </ClCompile>
    <ClCompile Include="Source\Renderer.cpp">
      <Filter>Source</Filter>
    </ClCompile>
    <ClCompile Include="Source\RenderObject.cpp">
      <Filter>Source</Filter>
    </ClCompile>
    <ClCompile Include="Source\S_Rectangle.cpp">
      <Filter>Source</Filter>
    </ClCompile>
    <ClCompile Include="Source\SceneManager.cpp">
      <Filter>Source</Filter>
    </ClCompile>
    <ClCompile Include="Source\SceneNode.cpp">
      <Filter>Source</Filter>
    </ClCompile>
    <ClCompile Include="Source\Shader.cpp">
      <Filter>Source</Filter>
    </ClCompile>
    <ClCompile Include="Source\ShaderSourceStorage.cpp">
      <Filter>Source</Filter>
    </ClCompile>
    <ClCompile Include="Source\SmokeEngine.cpp">
      <Filter>Source</Filter>
    </ClCompile>
    <ClCompile Include="Source\Source.cpp">
      <Filter>Source</Filter>
    </ClCompile>
    <ClCompile Include="Source\Texture.cpp">
      <Filter>Source</Filter>
    </ClCompile>
    <ClCompile Include="Source\TextureStorage.cpp">
      <Filter>Source</Filter>
    </ClCompile>
    <ClCompile Include="Source\Vector2.cpp">
      <Filter>Source</Filter>
    </ClCompile>
    <ClCompile Include="Source\Vector3.cpp">
      <Filter>Source</Filter>
    </ClCompile>
    <ClCompile Include="Source\Vector4.cpp">
      <Filter>Source</Filter>
    </ClCompile>
    <ClCompile Include="Source\VertexArrayObject.cpp">
      <Filter>Source</Filter>
    </ClCompile>
    <ClCompile Include="Source\VertexBufferObjectWithSubData.cpp">
      <Filter>Source</Filter>
    </ClCompile>
    <ClCompile Include="Source\VertexBufferStorage.cpp">
      <Filter>Source</Filter>
    </ClCompile>
    <ClCompile Include="Source\VertexObject.cpp">
      <Filter>Source</Filter>
    </ClCompile>
    <ClCompile Include="Source\Quaternion.cpp">
      <Filter>Source</Filter>
    </ClCompile>
    <ClCompile Include="Source\Model.cpp" />
    <ClCompile Include="Source\Sprite.cpp">
      <Filter>Source</Filter>
    </ClCompile>
    <ClCompile Include="Source\LodePNG.cpp">
      <Filter>Source</Filter>
    </ClCompile>
    <ClCompile Include="Source\Model.cpp">
      <Filter>Source</Filter>
    </ClCompile>
    <ClCompile Include="Source\WaveFrontLoad.cpp">
      <Filter>Source</Filter>
    </ClCompile>
    <ClCompile Include="Source\AttachmentNode.cpp" />
    <ClCompile Include="Source\LightAttachmentNode.cpp" />
    <ClCompile Include="Source\SharedNodeInfo.cpp" />
    <ClCompile Include="Source\AudioManager.cpp" />
    <ClCompile Include="Source\AudioSource.cpp" />
    <ClCompile Include="Source\AudioPlayer.cpp" />
    <ClCompile Include="Source\AudioSourceStorage.cpp" />
  </ItemGroup>
  <ItemGroup>
    <Filter Include="Source">
      <UniqueIdentifier>{579f39c2-192f-4b4e-867d-2e7ef3f5c682}</UniqueIdentifier>
    </Filter>
    <Filter Include="Header">
      <UniqueIdentifier>{47fbd4c8-b8f6-42c8-8733-a022b1089828}</UniqueIdentifier>
    </Filter>
    <Filter Include="Header\Node">
      <UniqueIdentifier>{8da05f3b-f6d0-4784-a25c-8e2f4f440b0b}</UniqueIdentifier>
    </Filter>
    <Filter Include="Header\Utility">
      <UniqueIdentifier>{21a53f5b-ffcc-410f-86ac-cc09fcb82360}</UniqueIdentifier>
    </Filter>
    <Filter Include="Header\Render">
      <UniqueIdentifier>{5d16bee5-f4be-4cfd-be45-a7cbd5065f59}</UniqueIdentifier>
    </Filter>
    <Filter Include="Header\Storage">
      <UniqueIdentifier>{520c7f27-dd36-4f80-b0dd-decda83cbdb5}</UniqueIdentifier>
    </Filter>
    <Filter Include="Header\VertexObject">
      <UniqueIdentifier>{363f15c6-ec35-4981-aed2-ecbd918759aa}</UniqueIdentifier>
    </Filter>
    <Filter Include="Header\Utility\Vector">
      <UniqueIdentifier>{92b4fa5d-14ec-4a32-a051-8a6619fbea37}</UniqueIdentifier>
    </Filter>
    <Filter Include="Header\Utility\Matrix">
      <UniqueIdentifier>{764d1195-6a6b-4403-8eb9-e29b1dc1f71b}</UniqueIdentifier>
    </Filter>
  </ItemGroup>
  <ItemGroup>
    <None Include="ClassDiagram1.cd" />
    <None Include="ClassDiagram2.cd" />
  </ItemGroup>
</Project>