<?xml version="1.0" encoding="utf-8"?>
<Project ToolsVersion="4.0" xmlns="http://schemas.microsoft.com/developer/msbuild/2003">
  <ItemGroup>
    <Filter Include="jni">
      <UniqueIdentifier>5e7b0808-0fe2-4d07-82e3-22394fd7d422</UniqueIdentifier>
    </Filter>
    <Filter Include="res">
      <UniqueIdentifier>cbe03e32-f7b7-4000-b93e-a93d1af8bff1</UniqueIdentifier>
    </Filter>
    <Filter Include="src">
      <UniqueIdentifier>de9c040a-165e-4101-9e91-801d6917cdb5</UniqueIdentifier>
    </Filter>
    <Filter Include="res\values">
      <UniqueIdentifier>2be03d95-08ef-42ba-ab09-d0a97115f348</UniqueIdentifier>
    </Filter>
    <Filter Include="src\com">
      <UniqueIdentifier>35b07da9-8c38-407b-a07a-8b1547722c60</UniqueIdentifier>
    </Filter>
    <Filter Include="src\com\example">
      <UniqueIdentifier>751d027c-d521-44cb-8c13-cec8e0e3086b</UniqueIdentifier>
    </Filter>
    <Filter Include="src\com\example\hellojni">
      <UniqueIdentifier>ecfc80da-ab84-4998-9a95-922325628b25</UniqueIdentifier>
    </Filter>
  </ItemGroup>
  <ItemGroup>
    <None Include="AndroidManifest.xml" />
    <None Include="build.xml" />
    <None Include="project.properties" />
    <None Include="proguard.cfg" />
    <None Include="res\values\strings.xml">
      <Filter>res\values</Filter>
    </None>
  </ItemGroup>
  <ItemGroup>
    <JCompile Include="src\com\example\hellojni\HelloJni.java">
      <Filter>src\com\example\hellojni</Filter>
    </JCompile>
  </ItemGroup>
  <ItemGroup>
    <ClCompile Include="jni\HelloJni.c">
      <Filter>jni</Filter>
    </ClCompile>
  </ItemGroup>
</Project>